PODS:
  - FMDB (2.7.5):
    - FMDB/standard (= 2.7.5)
  - FMDB/standard (2.7.5)
  - RegexKitLite (4.0)
  - Sparkle (2.9.6)

DEPENDENCIES:
  - FMDB (from `https://github.com/ccgus/fmdb.git`, tag `2.7.5`)
  - RegexKitLite (from `RegexKitLite.podspec`)
  - Sparkle (~> 2.9)

SPEC REPOS:
  trunk:
    - Sparkle

EXTERNAL SOURCES:
  FMDB:
    :git: https://github.com/ccgus/fmdb.git
    :tag: 2.7.5
  RegexKitLite:
    :podspec: RegexKitLite.podspec

CHECKOUT OPTIONS:
  FMDB:
    :git: https://github.com/ccgus/fmdb.git
    :tag: 2.7.5

SPEC CHECKSUMS:
  FMDB: f0f86bc4f075abe173d99545a0794125407f8b49
  RegexKitLite: 2c8600af623d0052e2f8cf0b93af2f01b92ef3b4
  Sparkle: b8c9cf4ced217ffc708a1ca5f988a7ba877658db

PODFILE CHECKSUM: 17c934316fda517d0d895f3c41a87d8182d78999

COCOAPODS: 1.16.2
