PODS:
  - FMDB (2.7.5):
    - FMDB/standard (= 2.7.5)
  - FMDB/standard (2.7.5)
  - RegexKitLite (4.0)

DEPENDENCIES:
  - FMDB (from `https://github.com/ccgus/fmdb.git`, tag `2.7.5`)
  - RegexKitLite (from `RegexKitLite.podspec`)

EXTERNAL SOURCES:
  FMDB:
    :git: https://github.com/ccgus/fmdb.git
    :tag: 2.7.5
  RegexKitLite:
    :podspec: RegexKitLite.podspec

CHECKOUT OPTIONS:
  FMDB:
    :git: https://github.com/ccgus/fmdb.git
    :tag: 2.7.5

SPEC CHECKSUMS:
  FMDB: f0f86bc4f075abe173d99545a0794125407f8b49
  RegexKitLite: 2c8600af623d0052e2f8cf0b93af2f01b92ef3b4

PODFILE CHECKSUM: 97682b42cc0289c6a70fcb0e4b55d4ea744cffc3

COCOAPODS: 1.16.2
